// !$*UTF8*$!
{
	archiveVersion = 1;
	classes = {
	};
	objectVersion = 56;
	objects = {

/* Begin PBXBuildFile section */
		AA212AAB2A4034640068787C /* ASLRecognitionApp.swift in Sources */ = {isa = PBXBuildFile; fileRef = AA212AAA2A4034640068787C /* ASLRecognitionApp.swift */; };
		AA212AAD2A4034640068787C /* ContentView.swift in Sources */ = {isa = PBXBuildFile; fileRef = AA212AAC2A4034640068787C /* ContentView.swift */; };
		AA212AAF2A4034650068787C /* Assets.xcassets in Resources */ = {isa = PBXBuildFile; fileRef = AA212AAE2A4034650068787C /* Assets.xcassets */; };
		AA212AB22A4034650068787C /* Preview Assets.xcassets in Resources */ = {isa = PBXBuildFile; fileRef = AA212AB12A4034650068787C /* Preview Assets.xcassets */; };
		AA9A037B2A9E623000CCB250 /* HostedViewController.swift in Sources */ = {isa = PBXBuildFile; fileRef = AA9A037A2A9E623000CCB250 /* HostedViewController.swift */; };
		AA9A037D2A9E62FF00CCB250 /* HandPoseClassifier.swift in Sources */ = {isa = PBXBuildFile; fileRef = AA9A037C2A9E62FF00CCB250 /* HandPoseClassifier.swift */; };
		AA9A037F2A9F3ED000CCB250 /* ASL Model.mlmodel in Sources */ = {isa = PBXBuildFile; fileRef = AA9A037E2A9F3ED000CCB250 /* ASL Model.mlmodel */; };
		AA9A03812A9F43DE00CCB250 /* ARViewController.swift in Sources */ = {isa = PBXBuildFile; fileRef = AA9A03802A9F43DE00CCB250 /* ARViewController.swift */; };
		AA9A03832A9F47F700CCB250 /* PredictionObject.swift in Sources */ = {isa = PBXBuildFile; fileRef = AA9A03822A9F47F700CCB250 /* PredictionObject.swift */; };
/* End PBXBuildFile section */

/* Begin PBXFileReference section */
		AA212AA72A4034640068787C /* ASLRecognition.app */ = {isa = PBXFileReference; explicitFileType = wrapper.application; includeInIndex = 0; path = ASLRecognition.app; sourceTree = BUILT_PRODUCTS_DIR; };
		AA212AAA2A4034640068787C /* ASLRecognitionApp.swift */ = {isa = PBXFileReference; lastKnownFileType = sourcecode.swift; path = ASLRecognitionApp.swift; sourceTree = "<group>"; };
		AA212AAC2A4034640068787C /* ContentView.swift */ = {isa = PBXFileReference; lastKnownFileType = sourcecode.swift; path = ContentView.swift; sourceTree = "<group>"; };
		AA212AAE2A4034650068787C /* Assets.xcassets */ = {isa = PBXFileReference; lastKnownFileType = folder.assetcatalog; path = Assets.xcassets; sourceTree = "<group>"; };
		AA212AB12A4034650068787C /* Preview Assets.xcassets */ = {isa = PBXFileReference; lastKnownFileType = folder.assetcatalog; path = "Preview Assets.xcassets"; sourceTree = "<group>"; };
		AA9A037A2A9E623000CCB250 /* HostedViewController.swift */ = {isa = PBXFileReference; lastKnownFileType = sourcecode.swift; path = HostedViewController.swift; sourceTree = "<group>"; };
		AA9A037C2A9E62FF00CCB250 /* HandPoseClassifier.swift */ = {isa = PBXFileReference; lastKnownFileType = sourcecode.swift; path = HandPoseClassifier.swift; sourceTree = "<group>"; };
		AA9A037E2A9F3ED000CCB250 /* ASL Model.mlmodel */ = {isa = PBXFileReference; lastKnownFileType = file.mlmodel; path = "ASL Model.mlmodel"; sourceTree = "<group>"; };
		AA9A03802A9F43DE00CCB250 /* ARViewController.swift */ = {isa = PBXFileReference; lastKnownFileType = sourcecode.swift; path = ARViewController.swift; sourceTree = "<group>"; };
		AA9A03822A9F47F700CCB250 /* PredictionObject.swift */ = {isa = PBXFileReference; lastKnownFileType = sourcecode.swift; path = PredictionObject.swift; sourceTree = "<group>"; };
/* End PBXFileReference section */

/* Begin PBXFrameworksBuildPhase section */
		AA212AA42A4034640068787C /* Frameworks */ = {
			isa = PBXFrameworksBuildPhase;
			buildActionMask = 2147483647;
			files = (
			);
			runOnlyForDeploymentPostprocessing = 0;
		};
/* End PBXFrameworksBuildPhase section */

/* Begin PBXGroup section */
		AA212A9E2A4034640068787C = {
			isa = PBXGroup;
			children = (
				AA212AA92A4034640068787C /* ASLRecognition */,
				AA212AA82A4034640068787C /* Products */,
			);
			sourceTree = "<group>";
		};
		AA212AA82A4034640068787C /* Products */ = {
			isa = PBXGroup;
			children = (
				AA212AA72A4034640068787C /* ASLRecognition.app */,
			);
			name = Products;
			sourceTree = "<group>";
		};
		AA212AA92A4034640068787C /* ASLRecognition */ = {
			isa = PBXGroup;
			children = (
				AA9A037E2A9F3ED000CCB250 /* ASL Model.mlmodel */,
				AA212AAA2A4034640068787C /* ASLRecognitionApp.swift */,
				AA212AAC2A4034640068787C /* ContentView.swift */,
				AA9A037A2A9E623000CCB250 /* HostedViewController.swift */,
				AA9A037C2A9E62FF00CCB250 /* HandPoseClassifier.swift */,
				AA9A03802A9F43DE00CCB250 /* ARViewController.swift */,
				AA9A03822A9F47F700CCB250 /* PredictionObject.swift */,
				AA212AAE2A4034650068787C /* Assets.xcassets */,
				AA212AB02A4034650068787C /* Preview Content */,
			);
			path = ASLRecognition;
			sourceTree = "<group>";
		};
		AA212AB02A4034650068787C /* Preview Content */ = {
			isa = PBXGroup;
			children = (
				AA212AB12A4034650068787C /* Preview Assets.xcassets */,
			);
			path = "Preview Content";
			sourceTree = "<group>";
		};
/* End PBXGroup section */

/* Begin PBXNativeTarget section */
		AA212AA62A4034640068787C /* ASLRecognition */ = {
			isa = PBXNativeTarget;
			buildConfigurationList = AA212AB52A4034650068787C /* Build configuration list for PBXNativeTarget "ASLRecognition" */;
			buildPhases = (
				AA212AA32A4034640068787C /* Sources */,
				AA212AA42A4034640068787C /* Frameworks */,
				AA212AA52A4034640068787C /* Resources */,
			);
			buildRules = (
			);
			dependencies = (
			);
			name = ASLRecognition;
			productName = ASLRecognition;
			productReference = AA212AA72A4034640068787C /* ASLRecognition.app */;
			productType = "com.apple.product-type.application";
		};
/* End PBXNativeTarget section */

/* Begin PBXProject section */
		AA212A9F2A4034640068787C /* Project object */ = {
			isa = PBXProject;
			attributes = {
				BuildIndependentTargetsInParallel = 1;
				LastSwiftUpdateCheck = 1430;
				LastUpgradeCheck = 1430;
				TargetAttributes = {
					AA212AA62A4034640068787C = {
						CreatedOnToolsVersion = 14.3.1;
					};
				};
			};
			buildConfigurationList = AA212AA22A4034640068787C /* Build configuration list for PBXProject "ASLRecognition" */;
			compatibilityVersion = "Xcode 14.0";
			developmentRegion = en;
			hasScannedForEncodings = 0;
			knownRegions = (
				en,
				Base,
			);
			mainGroup = AA212A9E2A4034640068787C;
			productRefGroup = AA212AA82A4034640068787C /* Products */;
			projectDirPath = "";
			projectRoot = "";
			targets = (
				AA212AA62A4034640068787C /* ASLRecognition */,
			);
		};
/* End PBXProject section */

/* Begin PBXResourcesBuildPhase section */
		AA212AA52A4034640068787C /* Resources */ = {
			isa = PBXResourcesBuildPhase;
			buildActionMask = 2147483647;
			files = (
				AA212AB22A4034650068787C /* Preview Assets.xcassets in Resources */,
				AA212AAF2A4034650068787C /* Assets.xcassets in Resources */,
			);
			runOnlyForDeploymentPostprocessing = 0;
		};
/* End PBXResourcesBuildPhase section */

/* Begin PBXSourcesBuildPhase section */
		AA212AA32A4034640068787C /* Sources */ = {
			isa = PBXSourcesBuildPhase;
			buildActionMask = 2147483647;
			files = (
				AA9A037B2A9E623000CCB250 /* HostedViewController.swift in Sources */,
				AA9A037F2A9F3ED000CCB250 /* ASL Model.mlmodel in Sources */,
				AA212AAD2A4034640068787C /* ContentView.swift in Sources */,
				AA9A03812A9F43DE00CCB250 /* ARViewController.swift in Sources */,
				AA9A037D2A9E62FF00CCB250 /* HandPoseClassifier.swift in Sources */,
				AA9A03832A9F47F700CCB250 /* PredictionObject.swift in Sources */,
				AA212AAB2A4034640068787C /* ASLRecognitionApp.swift in Sources */,
			);
			runOnlyForDeploymentPostprocessing = 0;
		};
/* End PBXSourcesBuildPhase section */

/* Begin XCBuildConfiguration section */
		AA212AB32A4034650068787C /* Debug */ = {
			isa = XCBuildConfiguration;
			buildSettings = {
				ALWAYS_SEARCH_USER_PATHS = NO;
				CLANG_ANALYZER_NONNULL = YES;
				CLANG_ANALYZER_NUMBER_OBJECT_CONVERSION = YES_AGGRESSIVE;
				CLANG_CXX_LANGUAGE_STANDARD = "gnu++20";
				CLANG_ENABLE_MODULES = YES;
				CLANG_ENABLE_OBJC_ARC = YES;
				CLANG_ENABLE_OBJC_WEAK = YES;
				CLANG_WARN_BLOCK_CAPTURE_AUTORELEASING = YES;
				CLANG_WARN_BOOL_CONVERSION = YES;
				CLANG_WARN_COMMA = YES;
				CLANG_WARN_CONSTANT_CONVERSION = YES;
				CLANG_WARN_DEPRECATED_OBJC_IMPLEMENTATIONS = YES;
				CLANG_WARN_DIRECT_OBJC_ISA_USAGE = YES_ERROR;
				CLANG_WARN_DOCUMENTATION_COMMENTS = YES;
				CLANG_WARN_EMPTY_BODY = YES;
				CLANG_WARN_ENUM_CONVERSION = YES;
				CLANG_WARN_INFINITE_RECURSION = YES;
				CLANG_WARN_INT_CONVERSION = YES;
				CLANG_WARN_NON_LITERAL_NULL_CONVERSION = YES;
				CLANG_WARN_OBJC_IMPLICIT_RETAIN_SELF = YES;
				CLANG_WARN_OBJC_LITERAL_CONVERSION = YES;
				CLANG_WARN_OBJC_ROOT_CLASS = YES_ERROR;
				CLANG_WARN_QUOTED_INCLUDE_IN_FRAMEWORK_HEADER = YES;
				CLANG_WARN_RANGE_LOOP_ANALYSIS = YES;
				CLANG_WARN_STRICT_PROTOTYPES = YES;
				CLANG_WARN_SUSPICIOUS_MOVE = YES;
				CLANG_WARN_UNGUARDED_AVAILABILITY = YES_AGGRESSIVE;
				CLANG_WARN_UNREACHABLE_CODE = YES;
				CLANG_WARN__DUPLICATE_METHOD_MATCH = YES;
				COPY_PHASE_STRIP = NO;
				DEBUG_INFORMATION_FORMAT = dwarf;
				ENABLE_STRICT_OBJC_MSGSEND = YES;
				ENABLE_TESTABILITY = YES;
				GCC_C_LANGUAGE_STANDARD = gnu11;
				GCC_DYNAMIC_NO_PIC = NO;
				GCC_NO_COMMON_BLOCKS = YES;
				GCC_OPTIMIZATION_LEVEL = 0;
				GCC_PREPROCESSOR_DEFINITIONS = (
					"DEBUG=1",
					"$(inherited)",
				);
				GCC_WARN_64_TO_32_BIT_CONVERSION = YES;
				GCC_WARN_ABOUT_RETURN_TYPE = YES_ERROR;
				GCC_WARN_UNDECLARED_SELECTOR = YES;
				GCC_WARN_UNINITIALIZED_AUTOS = YES_AGGRESSIVE;
				GCC_WARN_UNUSED_FUNCTION = YES;
				GCC_WARN_UNUSED_VARIABLE = YES;
				IPHONEOS_DEPLOYMENT_TARGET = 16.4;
				MTL_ENABLE_DEBUG_INFO = INCLUDE_SOURCE;
				MTL_FAST_MATH = YES;
				ONLY_ACTIVE_ARCH = YES;
				SDKROOT = iphoneos;
				SWIFT_ACTIVE_COMPILATION_CONDITIONS = DEBUG;
				SWIFT_OPTIMIZATION_LEVEL = "-Onone";
			};
			name = Debug;
		};
		AA212AB42A4034650068787C /* Release */ = {
			isa = XCBuildConfiguration;
			buildSettings = {
				ALWAYS_SEARCH_USER_PATHS = NO;
				CLANG_ANALYZER_NONNULL = YES;
				CLANG_ANALYZER_NUMBER_OBJECT_CONVERSION = YES_AGGRESSIVE;
				CLANG_CXX_LANGUAGE_STANDARD = "gnu++20";
				CLANG_ENABLE_MODULES = YES;
				CLANG_ENABLE_OBJC_ARC = YES;
				CLANG_ENABLE_OBJC_WEAK = YES;
				CLANG_WARN_BLOCK_CAPTURE_AUTORELEASING = YES;
				CLANG_WARN_BOOL_CONVERSION = YES;
				CLANG_WARN_COMMA = YES;
				CLANG_WARN_CONSTANT_CONVERSION = YES;
				CLANG_WARN_DEPRECATED_OBJC_IMPLEMENTATIONS = YES;
				CLANG_WARN_DIRECT_OBJC_ISA_USAGE = YES_ERROR;
				CLANG_WARN_DOCUMENTATION_COMMENTS = YES;
				CLANG_WARN_EMPTY_BODY = YES;
				CLANG_WARN_ENUM_CONVERSION = YES;
				CLANG_WARN_INFINITE_RECURSION = YES;
				CLANG_WARN_INT_CONVERSION = YES;
				CLANG_WARN_NON_LITERAL_NULL_CONVERSION = YES;
				CLANG_WARN_OBJC_IMPLICIT_RETAIN_SELF = YES;
				CLANG_WARN_OBJC_LITERAL_CONVERSION = YES;
				CLANG_WARN_OBJC_ROOT_CLASS = YES_ERROR;
				CLANG_WARN_QUOTED_INCLUDE_IN_FRAMEWORK_HEADER = YES;
				CLANG_WARN_RANGE_LOOP_ANALYSIS = YES;
				CLANG_WARN_STRICT_PROTOTYPES = YES;
				CLANG_WARN_SUSPICIOUS_MOVE = YES;
				CLANG_WARN_UNGUARDED_AVAILABILITY = YES_AGGRESSIVE;
				CLANG_WARN_UNREACHABLE_CODE = YES;
				CLANG_WARN__DUPLICATE_METHOD_MATCH = YES;
				COPY_PHASE_STRIP = NO;
				DEBUG_INFORMATION_FORMAT = "dwarf-with-dsym";
				ENABLE_NS_ASSERTIONS = NO;
				ENABLE_STRICT_OBJC_MSGSEND = YES;
				GCC_C_LANGUAGE_STANDARD = gnu11;
				GCC_NO_COMMON_BLOCKS = YES;
				GCC_WARN_64_TO_32_BIT_CONVERSION = YES;
				GCC_WARN_ABOUT_RETURN_TYPE = YES_ERROR;
				GCC_WARN_UNDECLARED_SELECTOR = YES;
				GCC_WARN_UNINITIALIZED_AUTOS = YES_AGGRESSIVE;
				GCC_WARN_UNUSED_FUNCTION = YES;
				GCC_WARN_UNUSED_VARIABLE = YES;
				IPHONEOS_DEPLOYMENT_TARGET = 16.4;
				MTL_ENABLE_DEBUG_INFO = NO;
				MTL_FAST_MATH = YES;
				SDKROOT = iphoneos;
				SWIFT_COMPILATION_MODE = wholemodule;
				SWIFT_OPTIMIZATION_LEVEL = "-O";
				VALIDATE_PRODUCT = YES;
			};
			name = Release;
		};
		AA212AB62A4034650068787C /* Debug */ = {
			isa = XCBuildConfiguration;
			buildSettings = {
				ASSETCATALOG_COMPILER_APPICON_NAME = AppIcon;
				ASSETCATALOG_COMPILER_GLOBAL_ACCENT_COLOR_NAME = AccentColor;
				CODE_SIGN_STYLE = Automatic;
				CURRENT_PROJECT_VERSION = 1;
				DEVELOPMENT_ASSET_PATHS = "\"ASLRecognition/Preview Content\"";
				DEVELOPMENT_TEAM = 3DWPN6Q5Q9;
				ENABLE_PREVIEWS = YES;
				GENERATE_INFOPLIST_FILE = YES;
				INFOPLIST_KEY_NSCameraUsageDescription = "This app requires the use of the camera to recognize the hand gestures";
				INFOPLIST_KEY_UIApplicationSceneManifest_Generation = YES;
				INFOPLIST_KEY_UIApplicationSupportsIndirectInputEvents = YES;
				INFOPLIST_KEY_UILaunchScreen_Generation = YES;
				INFOPLIST_KEY_UISupportedInterfaceOrientations_iPad = "UIInterfaceOrientationPortrait UIInterfaceOrientationPortraitUpsideDown UIInterfaceOrientationLandscapeLeft UIInterfaceOrientationLandscapeRight";
				INFOPLIST_KEY_UISupportedInterfaceOrientations_iPhone = "UIInterfaceOrientationPortrait UIInterfaceOrientationLandscapeLeft UIInterfaceOrientationLandscapeRight";
				LD_RUNPATH_SEARCH_PATHS = (
					"$(inherited)",
					"@executable_path/Frameworks",
				);
				MARKETING_VERSION = 1.0;
				PRODUCT_BUNDLE_IDENTIFIER = eddo.ASLRecognition;
				PRODUCT_NAME = "$(TARGET_NAME)";
				SWIFT_EMIT_LOC_STRINGS = YES;
				SWIFT_VERSION = 5.0;
				TARGETED_DEVICE_FAMILY = "1,2";
			};
			name = Debug;
		};
		AA212AB72A4034650068787C /* Release */ = {
			isa = XCBuildConfiguration;
			buildSettings = {
				ASSETCATALOG_COMPILER_APPICON_NAME = AppIcon;
				ASSETCATALOG_COMPILER_GLOBAL_ACCENT_COLOR_NAME = AccentColor;
				CODE_SIGN_STYLE = Automatic;
				CURRENT_PROJECT_VERSION = 1;
				DEVELOPMENT_ASSET_PATHS = "\"ASLRecognition/Preview Content\"";
				DEVELOPMENT_TEAM = 3DWPN6Q5Q9;
				ENABLE_PREVIEWS = YES;
				GENERATE_INFOPLIST_FILE = YES;
				INFOPLIST_KEY_NSCameraUsageDescription = "This app requires the use of the camera to recognize the hand gestures";
				INFOPLIST_KEY_UIApplicationSceneManifest_Generation = YES;
				INFOPLIST_KEY_UIApplicationSupportsIndirectInputEvents = YES;
				INFOPLIST_KEY_UILaunchScreen_Generation = YES;
				INFOPLIST_KEY_UISupportedInterfaceOrientations_iPad = "UIInterfaceOrientationPortrait UIInterfaceOrientationPortraitUpsideDown UIInterfaceOrientationLandscapeLeft UIInterfaceOrientationLandscapeRight";
				INFOPLIST_KEY_UISupportedInterfaceOrientations_iPhone = "UIInterfaceOrientationPortrait UIInterfaceOrientationLandscapeLeft UIInterfaceOrientationLandscapeRight";
				LD_RUNPATH_SEARCH_PATHS = (
					"$(inherited)",
					"@executable_path/Frameworks",
				);
				MARKETING_VERSION = 1.0;
				PRODUCT_BUNDLE_IDENTIFIER = eddo.ASLRecognition;
				PRODUCT_NAME = "$(TARGET_NAME)";
				SWIFT_EMIT_LOC_STRINGS = YES;
				SWIFT_VERSION = 5.0;
				TARGETED_DEVICE_FAMILY = "1,2";
			};
			name = Release;
		};
/* End XCBuildConfiguration section */

/* Begin XCConfigurationList section */
		AA212AA22A4034640068787C /* Build configuration list for PBXProject "ASLRecognition" */ = {
			isa = XCConfigurationList;
			buildConfigurations = (
				AA212AB32A4034650068787C /* Debug */,
				AA212AB42A4034650068787C /* Release */,
			);
			defaultConfigurationIsVisible = 0;
			defaultConfigurationName = Release;
		};
		AA212AB52A4034650068787C /* Build configuration list for PBXNativeTarget "ASLRecognition" */ = {
			isa = XCConfigurationList;
			buildConfigurations = (
				AA212AB62A4034650068787C /* Debug */,
				AA212AB72A4034650068787C /* Release */,
			);
			defaultConfigurationIsVisible = 0;
			defaultConfigurationName = Release;
		};
/* End XCConfigurationList section */
	};
	rootObject = AA212A9F2A4034640068787C /* Project object */;
}
